{
  "name": "context-window-fit",
  "version": "1.0.0",
  "lockfileVersion": 3,
  "requires": true,
  "packages": {
    "": {
      "name": "context-window-fit",
      "version": "1.0.0",
      "license": "MIT",
      "bin": {
        "context-window-fit": "bin/context-window-fit.js"
      }
    }
  }
}
